// !$*UTF8*$!
{
	archiveVersion = 1;
	classes = {
	};
	objectVersion = 52;
	objects = {

/* Begin PBXBuildFile section */
		52889C4625A064CB00D87831 /* DMM_Actress_FinderApp.swift in Sources */ = {isa = PBXBuildFile; fileRef = 52889C4525A064CB00D87831 /* DMM_Actress_FinderApp.swift */; };
		52889C4825A064CB00D87831 /* ContentView.swift in Sources */ = {isa = PBXBuildFile; fileRef = 52889C4725A064CB00D87831 /* ContentView.swift */; };
		52889C4A25A064CD00D87831 /* Assets.xcassets in Resources */ = {isa = PBXBuildFile; fileRef = 52889C4925A064CD00D87831 /* Assets.xcassets */; };
		52889C4D25A064CD00D87831 /* Preview Assets.xcassets in Resources */ = {isa = PBXBuildFile; fileRef = 52889C4C25A064CD00D87831 /* Preview Assets.xcassets */; };
		52889C5825A064CD00D87831 /* DMM_Actress_FinderTests.swift in Sources */ = {isa = PBXBuildFile; fileRef = 52889C5725A064CD00D87831 /* DMM_Actress_FinderTests.swift */; };
		52889C6325A064CD00D87831 /* DMM_Actress_FinderUITests.swift in Sources */ = {isa = PBXBuildFile; fileRef = 52889C6225A064CD00D87831 /* DMM_Actress_FinderUITests.swift */; };
		52889C7525A0665200D87831 /* EnvironmentURLManager.swift in Sources */ = {isa = PBXBuildFile; fileRef = 52889C7425A0665200D87831 /* EnvironmentURLManager.swift */; };
		52889C7B25A0675800D87831 /* ConfigSheet.swift in Sources */ = {isa = PBXBuildFile; fileRef = 52889C7A25A0675800D87831 /* ConfigSheet.swift */; };
		52889C8125A06D6E00D87831 /* Sliders in Frameworks */ = {isa = PBXBuildFile; productRef = 52889C8025A06D6E00D87831 /* Sliders */; };
/* End PBXBuildFile section */

/* Begin PBXContainerItemProxy section */
		52889C5425A064CD00D87831 /* PBXContainerItemProxy */ = {
			isa = PBXContainerItemProxy;
			containerPortal = 52889C3A25A064CB00D87831 /* Project object */;
			proxyType = 1;
			remoteGlobalIDString = 52889C4125A064CB00D87831;
			remoteInfo = DMM_Actress_Finder;
		};
		52889C5F25A064CD00D87831 /* PBXContainerItemProxy */ = {
			isa = PBXContainerItemProxy;
			containerPortal = 52889C3A25A064CB00D87831 /* Project object */;
			proxyType = 1;
			remoteGlobalIDString = 52889C4125A064CB00D87831;
			remoteInfo = DMM_Actress_Finder;
		};
/* End PBXContainerItemProxy section */

/* Begin PBXFileReference section */
		52889C4225A064CB00D87831 /* DMM_Actress_Finder.app */ = {isa = PBXFileReference; explicitFileType = wrapper.application; includeInIndex = 0; path = DMM_Actress_Finder.app; sourceTree = BUILT_PRODUCTS_DIR; };
		52889C4525A064CB00D87831 /* DMM_Actress_FinderApp.swift */ = {isa = PBXFileReference; lastKnownFileType = sourcecode.swift; path = DMM_Actress_FinderApp.swift; sourceTree = "<group>"; };
		52889C4725A064CB00D87831 /* ContentView.swift */ = {isa = PBXFileReference; lastKnownFileType = sourcecode.swift; path = ContentView.swift; sourceTree = "<group>"; };
		52889C4925A064CD00D87831 /* Assets.xcassets */ = {isa = PBXFileReference; lastKnownFileType = folder.assetcatalog; path = Assets.xcassets; sourceTree = "<group>"; };
		52889C4C25A064CD00D87831 /* Preview Assets.xcassets */ = {isa = PBXFileReference; lastKnownFileType = folder.assetcatalog; path = "Preview Assets.xcassets"; sourceTree = "<group>"; };
		52889C4E25A064CD00D87831 /* Info.plist */ = {isa = PBXFileReference; lastKnownFileType = text.plist.xml; path = Info.plist; sourceTree = "<group>"; };
		52889C5325A064CD00D87831 /* DMM_Actress_FinderTests.xctest */ = {isa = PBXFileReference; explicitFileType = wrapper.cfbundle; includeInIndex = 0; path = DMM_Actress_FinderTests.xctest; sourceTree = BUILT_PRODUCTS_DIR; };
		52889C5725A064CD00D87831 /* DMM_Actress_FinderTests.swift */ = {isa = PBXFileReference; lastKnownFileType = sourcecode.swift; path = DMM_Actress_FinderTests.swift; sourceTree = "<group>"; };
		52889C5925A064CD00D87831 /* Info.plist */ = {isa = PBXFileReference; lastKnownFileType = text.plist.xml; path = Info.plist; sourceTree = "<group>"; };
		52889C5E25A064CD00D87831 /* DMM_Actress_FinderUITests.xctest */ = {isa = PBXFileReference; explicitFileType = wrapper.cfbundle; includeInIndex = 0; path = DMM_Actress_FinderUITests.xctest; sourceTree = BUILT_PRODUCTS_DIR; };
		52889C6225A064CD00D87831 /* DMM_Actress_FinderUITests.swift */ = {isa = PBXFileReference; lastKnownFileType = sourcecode.swift; path = DMM_Actress_FinderUITests.swift; sourceTree = "<group>"; };
		52889C6425A064CD00D87831 /* Info.plist */ = {isa = PBXFileReference; lastKnownFileType = text.plist.xml; path = Info.plist; sourceTree = "<group>"; };
		52889C7425A0665200D87831 /* EnvironmentURLManager.swift */ = {isa = PBXFileReference; lastKnownFileType = sourcecode.swift; path = EnvironmentURLManager.swift; sourceTree = "<group>"; };
		52889C7A25A0675800D87831 /* ConfigSheet.swift */ = {isa = PBXFileReference; lastKnownFileType = sourcecode.swift; path = ConfigSheet.swift; sourceTree = "<group>"; };
/* End PBXFileReference section */

/* Begin PBXFrameworksBuildPhase section */
		52889C3F25A064CB00D87831 /* Frameworks */ = {
			isa = PBXFrameworksBuildPhase;
			buildActionMask = 2147483647;
			files = (
				52889C8125A06D6E00D87831 /* Sliders in Frameworks */,
			);
			runOnlyForDeploymentPostprocessing = 0;
		};
		52889C5025A064CD00D87831 /* Frameworks */ = {
			isa = PBXFrameworksBuildPhase;
			buildActionMask = 2147483647;
			files = (
			);
			runOnlyForDeploymentPostprocessing = 0;
		};
		52889C5B25A064CD00D87831 /* Frameworks */ = {
			isa = PBXFrameworksBuildPhase;
			buildActionMask = 2147483647;
			files = (
			);
			runOnlyForDeploymentPostprocessing = 0;
		};
/* End PBXFrameworksBuildPhase section */

/* Begin PBXGroup section */
		52889C3925A064CB00D87831 = {
			isa = PBXGroup;
			children = (
				52889C4425A064CB00D87831 /* DMM_Actress_Finder */,
				52889C5625A064CD00D87831 /* DMM_Actress_FinderTests */,
				52889C6125A064CD00D87831 /* DMM_Actress_FinderUITests */,
				52889C4325A064CB00D87831 /* Products */,
			);
			sourceTree = "<group>";
		};
		52889C4325A064CB00D87831 /* Products */ = {
			isa = PBXGroup;
			children = (
				52889C4225A064CB00D87831 /* DMM_Actress_Finder.app */,
				52889C5325A064CD00D87831 /* DMM_Actress_FinderTests.xctest */,
				52889C5E25A064CD00D87831 /* DMM_Actress_FinderUITests.xctest */,
			);
			name = Products;
			sourceTree = "<group>";
		};
		52889C4425A064CB00D87831 /* DMM_Actress_Finder */ = {
			isa = PBXGroup;
			children = (
				52889C4525A064CB00D87831 /* DMM_Actress_FinderApp.swift */,
				52889C4725A064CB00D87831 /* ContentView.swift */,
				52889C7925A0673D00D87831 /* Views */,
				52889C4925A064CD00D87831 /* Assets.xcassets */,
				52889C7325A0662D00D87831 /* EnvironmentObjects */,
				52889C4E25A064CD00D87831 /* Info.plist */,
				52889C4B25A064CD00D87831 /* Preview Content */,
			);
			path = DMM_Actress_Finder;
			sourceTree = "<group>";
		};
		52889C4B25A064CD00D87831 /* Preview Content */ = {
			isa = PBXGroup;
			children = (
				52889C4C25A064CD00D87831 /* Preview Assets.xcassets */,
			);
			path = "Preview Content";
			sourceTree = "<group>";
		};
		52889C5625A064CD00D87831 /* DMM_Actress_FinderTests */ = {
			isa = PBXGroup;
			children = (
				52889C5725A064CD00D87831 /* DMM_Actress_FinderTests.swift */,
				52889C5925A064CD00D87831 /* Info.plist */,
			);
			path = DMM_Actress_FinderTests;
			sourceTree = "<group>";
		};
		52889C6125A064CD00D87831 /* DMM_Actress_FinderUITests */ = {
			isa = PBXGroup;
			children = (
				52889C6225A064CD00D87831 /* DMM_Actress_FinderUITests.swift */,
				52889C6425A064CD00D87831 /* Info.plist */,
			);
			path = DMM_Actress_FinderUITests;
			sourceTree = "<group>";
		};
		52889C7325A0662D00D87831 /* EnvironmentObjects */ = {
			isa = PBXGroup;
			children = (
				52889C7425A0665200D87831 /* EnvironmentURLManager.swift */,
			);
			path = EnvironmentObjects;
			sourceTree = "<group>";
		};
		52889C7925A0673D00D87831 /* Views */ = {
			isa = PBXGroup;
			children = (
				52889C7A25A0675800D87831 /* ConfigSheet.swift */,
			);
			path = Views;
			sourceTree = "<group>";
		};
/* End PBXGroup section */

/* Begin PBXNativeTarget section */
		52889C4125A064CB00D87831 /* DMM_Actress_Finder */ = {
			isa = PBXNativeTarget;
			buildConfigurationList = 52889C6725A064CD00D87831 /* Build configuration list for PBXNativeTarget "DMM_Actress_Finder" */;
			buildPhases = (
				52889C3E25A064CB00D87831 /* Sources */,
				52889C3F25A064CB00D87831 /* Frameworks */,
				52889C4025A064CB00D87831 /* Resources */,
			);
			buildRules = (
			);
			dependencies = (
			);
			name = DMM_Actress_Finder;
			packageProductDependencies = (
				52889C8025A06D6E00D87831 /* Sliders */,
			);
			productName = DMM_Actress_Finder;
			productReference = 52889C4225A064CB00D87831 /* DMM_Actress_Finder.app */;
			productType = "com.apple.product-type.application";
		};
		52889C5225A064CD00D87831 /* DMM_Actress_FinderTests */ = {
			isa = PBXNativeTarget;
			buildConfigurationList = 52889C6A25A064CD00D87831 /* Build configuration list for PBXNativeTarget "DMM_Actress_FinderTests" */;
			buildPhases = (
				52889C4F25A064CD00D87831 /* Sources */,
				52889C5025A064CD00D87831 /* Frameworks */,
				52889C5125A064CD00D87831 /* Resources */,
			);
			buildRules = (
			);
			dependencies = (
				52889C5525A064CD00D87831 /* PBXTargetDependency */,
			);
			name = DMM_Actress_FinderTests;
			productName = DMM_Actress_FinderTests;
			productReference = 52889C5325A064CD00D87831 /* DMM_Actress_FinderTests.xctest */;
			productType = "com.apple.product-type.bundle.unit-test";
		};
		52889C5D25A064CD00D87831 /* DMM_Actress_FinderUITests */ = {
			isa = PBXNativeTarget;
			buildConfigurationList = 52889C6D25A064CD00D87831 /* Build configuration list for PBXNativeTarget "DMM_Actress_FinderUITests" */;
			buildPhases = (
				52889C5A25A064CD00D87831 /* Sources */,
				52889C5B25A064CD00D87831 /* Frameworks */,
				52889C5C25A064CD00D87831 /* Resources */,
			);
			buildRules = (
			);
			dependencies = (
				52889C6025A064CD00D87831 /* PBXTargetDependency */,
			);
			name = DMM_Actress_FinderUITests;
			productName = DMM_Actress_FinderUITests;
			productReference = 52889C5E25A064CD00D87831 /* DMM_Actress_FinderUITests.xctest */;
			productType = "com.apple.product-type.bundle.ui-testing";
		};
/* End PBXNativeTarget section */

/* Begin PBXProject section */
		52889C3A25A064CB00D87831 /* Project object */ = {
			isa = PBXProject;
			attributes = {
				LastSwiftUpdateCheck = 1230;
				LastUpgradeCheck = 1230;
				TargetAttributes = {
					52889C4125A064CB00D87831 = {
						CreatedOnToolsVersion = 12.3;
					};
					52889C5225A064CD00D87831 = {
						CreatedOnToolsVersion = 12.3;
						TestTargetID = 52889C4125A064CB00D87831;
					};
					52889C5D25A064CD00D87831 = {
						CreatedOnToolsVersion = 12.3;
						TestTargetID = 52889C4125A064CB00D87831;
					};
				};
			};
			buildConfigurationList = 52889C3D25A064CB00D87831 /* Build configuration list for PBXProject "DMM_Actress_Finder" */;
			compatibilityVersion = "Xcode 9.3";
			developmentRegion = en;
			hasScannedForEncodings = 0;
			knownRegions = (
				en,
				Base,
			);
			mainGroup = 52889C3925A064CB00D87831;
			packageReferences = (
				52889C7F25A06D6E00D87831 /* XCRemoteSwiftPackageReference "swiftui-sliders" */,
			);
			productRefGroup = 52889C4325A064CB00D87831 /* Products */;
			projectDirPath = "";
			projectRoot = "";
			targets = (
				52889C4125A064CB00D87831 /* DMM_Actress_Finder */,
				52889C5225A064CD00D87831 /* DMM_Actress_FinderTests */,
				52889C5D25A064CD00D87831 /* DMM_Actress_FinderUITests */,
			);
		};
/* End PBXProject section */

/* Begin PBXResourcesBuildPhase section */
		52889C4025A064CB00D87831 /* Resources */ = {
			isa = PBXResourcesBuildPhase;
			buildActionMask = 2147483647;
			files = (
				52889C4D25A064CD00D87831 /* Preview Assets.xcassets in Resources */,
				52889C4A25A064CD00D87831 /* Assets.xcassets in Resources */,
			);
			runOnlyForDeploymentPostprocessing = 0;
		};
		52889C5125A064CD00D87831 /* Resources */ = {
			isa = PBXResourcesBuildPhase;
			buildActionMask = 2147483647;
			files = (
			);
			runOnlyForDeploymentPostprocessing = 0;
		};
		52889C5C25A064CD00D87831 /* Resources */ = {
			isa = PBXResourcesBuildPhase;
			buildActionMask = 2147483647;
			files = (
			);
			runOnlyForDeploymentPostprocessing = 0;
		};
/* End PBXResourcesBuildPhase section */

/* Begin PBXSourcesBuildPhase section */
		52889C3E25A064CB00D87831 /* Sources */ = {
			isa = PBXSourcesBuildPhase;
			buildActionMask = 2147483647;
			files = (
				52889C7525A0665200D87831 /* EnvironmentURLManager.swift in Sources */,
				52889C4825A064CB00D87831 /* ContentView.swift in Sources */,
				52889C4625A064CB00D87831 /* DMM_Actress_FinderApp.swift in Sources */,
				52889C7B25A0675800D87831 /* ConfigSheet.swift in Sources */,
			);
			runOnlyForDeploymentPostprocessing = 0;
		};
		52889C4F25A064CD00D87831 /* Sources */ = {
			isa = PBXSourcesBuildPhase;
			buildActionMask = 2147483647;
			files = (
				52889C5825A064CD00D87831 /* DMM_Actress_FinderTests.swift in Sources */,
			);
			runOnlyForDeploymentPostprocessing = 0;
		};
		52889C5A25A064CD00D87831 /* Sources */ = {
			isa = PBXSourcesBuildPhase;
			buildActionMask = 2147483647;
			files = (
				52889C6325A064CD00D87831 /* DMM_Actress_FinderUITests.swift in Sources */,
			);
			runOnlyForDeploymentPostprocessing = 0;
		};
/* End PBXSourcesBuildPhase section */

/* Begin PBXTargetDependency section */
		52889C5525A064CD00D87831 /* PBXTargetDependency */ = {
			isa = PBXTargetDependency;
			target = 52889C4125A064CB00D87831 /* DMM_Actress_Finder */;
			targetProxy = 52889C5425A064CD00D87831 /* PBXContainerItemProxy */;
		};
		52889C6025A064CD00D87831 /* PBXTargetDependency */ = {
			isa = PBXTargetDependency;
			target = 52889C4125A064CB00D87831 /* DMM_Actress_Finder */;
			targetProxy = 52889C5F25A064CD00D87831 /* PBXContainerItemProxy */;
		};
/* End PBXTargetDependency section */

/* Begin XCBuildConfiguration section */
		52889C6525A064CD00D87831 /* Debug */ = {
			isa = XCBuildConfiguration;
			buildSettings = {
				ALWAYS_SEARCH_USER_PATHS = NO;
				CLANG_ANALYZER_NONNULL = YES;
				CLANG_ANALYZER_NUMBER_OBJECT_CONVERSION = YES_AGGRESSIVE;
				CLANG_CXX_LANGUAGE_STANDARD = "gnu++14";
				CLANG_CXX_LIBRARY = "libc++";
				CLANG_ENABLE_MODULES = YES;
				CLANG_ENABLE_OBJC_ARC = YES;
				CLANG_ENABLE_OBJC_WEAK = YES;
				CLANG_WARN_BLOCK_CAPTURE_AUTORELEASING = YES;
				CLANG_WARN_BOOL_CONVERSION = YES;
				CLANG_WARN_COMMA = YES;
				CLANG_WARN_CONSTANT_CONVERSION = YES;
				CLANG_WARN_DEPRECATED_OBJC_IMPLEMENTATIONS = YES;
				CLANG_WARN_DIRECT_OBJC_ISA_USAGE = YES_ERROR;
				CLANG_WARN_DOCUMENTATION_COMMENTS = YES;
				CLANG_WARN_EMPTY_BODY = YES;
				CLANG_WARN_ENUM_CONVERSION = YES;
				CLANG_WARN_INFINITE_RECURSION = YES;
				CLANG_WARN_INT_CONVERSION = YES;
				CLANG_WARN_NON_LITERAL_NULL_CONVERSION = YES;
				CLANG_WARN_OBJC_IMPLICIT_RETAIN_SELF = YES;
				CLANG_WARN_OBJC_LITERAL_CONVERSION = YES;
				CLANG_WARN_OBJC_ROOT_CLASS = YES_ERROR;
				CLANG_WARN_QUOTED_INCLUDE_IN_FRAMEWORK_HEADER = YES;
				CLANG_WARN_RANGE_LOOP_ANALYSIS = YES;
				CLANG_WARN_STRICT_PROTOTYPES = YES;
				CLANG_WARN_SUSPICIOUS_MOVE = YES;
				CLANG_WARN_UNGUARDED_AVAILABILITY = YES_AGGRESSIVE;
				CLANG_WARN_UNREACHABLE_CODE = YES;
				CLANG_WARN__DUPLICATE_METHOD_MATCH = YES;
				COPY_PHASE_STRIP = NO;
				DEBUG_INFORMATION_FORMAT = dwarf;
				ENABLE_STRICT_OBJC_MSGSEND = YES;
				ENABLE_TESTABILITY = YES;
				GCC_C_LANGUAGE_STANDARD = gnu11;
				GCC_DYNAMIC_NO_PIC = NO;
				GCC_NO_COMMON_BLOCKS = YES;
				GCC_OPTIMIZATION_LEVEL = 0;
				GCC_PREPROCESSOR_DEFINITIONS = (
					"DEBUG=1",
					"$(inherited)",
				);
				GCC_WARN_64_TO_32_BIT_CONVERSION = YES;
				GCC_WARN_ABOUT_RETURN_TYPE = YES_ERROR;
				GCC_WARN_UNDECLARED_SELECTOR = YES;
				GCC_WARN_UNINITIALIZED_AUTOS = YES_AGGRESSIVE;
				GCC_WARN_UNUSED_FUNCTION = YES;
				GCC_WARN_UNUSED_VARIABLE = YES;
				IPHONEOS_DEPLOYMENT_TARGET = 14.3;
				MTL_ENABLE_DEBUG_INFO = INCLUDE_SOURCE;
				MTL_FAST_MATH = YES;
				ONLY_ACTIVE_ARCH = YES;
				SDKROOT = iphoneos;
				SWIFT_ACTIVE_COMPILATION_CONDITIONS = DEBUG;
				SWIFT_OPTIMIZATION_LEVEL = "-Onone";
			};
			name = Debug;
		};
		52889C6625A064CD00D87831 /* Release */ = {
			isa = XCBuildConfiguration;
			buildSettings = {
				ALWAYS_SEARCH_USER_PATHS = NO;
				CLANG_ANALYZER_NONNULL = YES;
				CLANG_ANALYZER_NUMBER_OBJECT_CONVERSION = YES_AGGRESSIVE;
				CLANG_CXX_LANGUAGE_STANDARD = "gnu++14";
				CLANG_CXX_LIBRARY = "libc++";
				CLANG_ENABLE_MODULES = YES;
				CLANG_ENABLE_OBJC_ARC = YES;
				CLANG_ENABLE_OBJC_WEAK = YES;
				CLANG_WARN_BLOCK_CAPTURE_AUTORELEASING = YES;
				CLANG_WARN_BOOL_CONVERSION = YES;
				CLANG_WARN_COMMA = YES;
				CLANG_WARN_CONSTANT_CONVERSION = YES;
				CLANG_WARN_DEPRECATED_OBJC_IMPLEMENTATIONS = YES;
				CLANG_WARN_DIRECT_OBJC_ISA_USAGE = YES_ERROR;
				CLANG_WARN_DOCUMENTATION_COMMENTS = YES;
				CLANG_WARN_EMPTY_BODY = YES;
				CLANG_WARN_ENUM_CONVERSION = YES;
				CLANG_WARN_INFINITE_RECURSION = YES;
				CLANG_WARN_INT_CONVERSION = YES;
				CLANG_WARN_NON_LITERAL_NULL_CONVERSION = YES;
				CLANG_WARN_OBJC_IMPLICIT_RETAIN_SELF = YES;
				CLANG_WARN_OBJC_LITERAL_CONVERSION = YES;
				CLANG_WARN_OBJC_ROOT_CLASS = YES_ERROR;
				CLANG_WARN_QUOTED_INCLUDE_IN_FRAMEWORK_HEADER = YES;
				CLANG_WARN_RANGE_LOOP_ANALYSIS = YES;
				CLANG_WARN_STRICT_PROTOTYPES = YES;
				CLANG_WARN_SUSPICIOUS_MOVE = YES;
				CLANG_WARN_UNGUARDED_AVAILABILITY = YES_AGGRESSIVE;
				CLANG_WARN_UNREACHABLE_CODE = YES;
				CLANG_WARN__DUPLICATE_METHOD_MATCH = YES;
				COPY_PHASE_STRIP = NO;
				DEBUG_INFORMATION_FORMAT = "dwarf-with-dsym";
				ENABLE_NS_ASSERTIONS = NO;
				ENABLE_STRICT_OBJC_MSGSEND = YES;
				GCC_C_LANGUAGE_STANDARD = gnu11;
				GCC_NO_COMMON_BLOCKS = YES;
				GCC_WARN_64_TO_32_BIT_CONVERSION = YES;
				GCC_WARN_ABOUT_RETURN_TYPE = YES_ERROR;
				GCC_WARN_UNDECLARED_SELECTOR = YES;
				GCC_WARN_UNINITIALIZED_AUTOS = YES_AGGRESSIVE;
				GCC_WARN_UNUSED_FUNCTION = YES;
				GCC_WARN_UNUSED_VARIABLE = YES;
				IPHONEOS_DEPLOYMENT_TARGET = 14.3;
				MTL_ENABLE_DEBUG_INFO = NO;
				MTL_FAST_MATH = YES;
				SDKROOT = iphoneos;
				SWIFT_COMPILATION_MODE = wholemodule;
				SWIFT_OPTIMIZATION_LEVEL = "-O";
				VALIDATE_PRODUCT = YES;
			};
			name = Release;
		};
		52889C6825A064CD00D87831 /* Debug */ = {
			isa = XCBuildConfiguration;
			buildSettings = {
				ASSETCATALOG_COMPILER_APPICON_NAME = AppIcon;
				ASSETCATALOG_COMPILER_GLOBAL_ACCENT_COLOR_NAME = AccentColor;
				CODE_SIGN_STYLE = Automatic;
				DEVELOPMENT_ASSET_PATHS = "\"DMM_Actress_Finder/Preview Content\"";
				DEVELOPMENT_TEAM = 36H79X5ZFD;
				ENABLE_PREVIEWS = YES;
				INFOPLIST_FILE = DMM_Actress_Finder/Info.plist;
				IPHONEOS_DEPLOYMENT_TARGET = 14.0;
				LD_RUNPATH_SEARCH_PATHS = (
					"$(inherited)",
					"@executable_path/Frameworks",
				);
				PRODUCT_BUNDLE_IDENTIFIER = "KS.DMM-Actress-Finder";
				PRODUCT_NAME = "$(TARGET_NAME)";
				SWIFT_VERSION = 5.0;
				TARGETED_DEVICE_FAMILY = "1,2";
			};
			name = Debug;
		};
		52889C6925A064CD00D87831 /* Release */ = {
			isa = XCBuildConfiguration;
			buildSettings = {
				ASSETCATALOG_COMPILER_APPICON_NAME = AppIcon;
				ASSETCATALOG_COMPILER_GLOBAL_ACCENT_COLOR_NAME = AccentColor;
				CODE_SIGN_STYLE = Automatic;
				DEVELOPMENT_ASSET_PATHS = "\"DMM_Actress_Finder/Preview Content\"";
				DEVELOPMENT_TEAM = 36H79X5ZFD;
				ENABLE_PREVIEWS = YES;
				INFOPLIST_FILE = DMM_Actress_Finder/Info.plist;
				IPHONEOS_DEPLOYMENT_TARGET = 14.0;
				LD_RUNPATH_SEARCH_PATHS = (
					"$(inherited)",
					"@executable_path/Frameworks",
				);
				PRODUCT_BUNDLE_IDENTIFIER = "KS.DMM-Actress-Finder";
				PRODUCT_NAME = "$(TARGET_NAME)";
				SWIFT_VERSION = 5.0;
				TARGETED_DEVICE_FAMILY = "1,2";
			};
			name = Release;
		};
		52889C6B25A064CD00D87831 /* Debug */ = {
			isa = XCBuildConfiguration;
			buildSettings = {
				ALWAYS_EMBED_SWIFT_STANDARD_LIBRARIES = YES;
				BUNDLE_LOADER = "$(TEST_HOST)";
				CODE_SIGN_STYLE = Automatic;
				DEVELOPMENT_TEAM = 36H79X5ZFD;
				INFOPLIST_FILE = DMM_Actress_FinderTests/Info.plist;
				IPHONEOS_DEPLOYMENT_TARGET = 14.0;
				LD_RUNPATH_SEARCH_PATHS = (
					"$(inherited)",
					"@executable_path/Frameworks",
					"@loader_path/Frameworks",
				);
				PRODUCT_BUNDLE_IDENTIFIER = "KS.DMM-Actress-FinderTests";
				PRODUCT_NAME = "$(TARGET_NAME)";
				SWIFT_VERSION = 5.0;
				TARGETED_DEVICE_FAMILY = "1,2";
				TEST_HOST = "$(BUILT_PRODUCTS_DIR)/DMM_Actress_Finder.app/DMM_Actress_Finder";
			};
			name = Debug;
		};
		52889C6C25A064CD00D87831 /* Release */ = {
			isa = XCBuildConfiguration;
			buildSettings = {
				ALWAYS_EMBED_SWIFT_STANDARD_LIBRARIES = YES;
				BUNDLE_LOADER = "$(TEST_HOST)";
				CODE_SIGN_STYLE = Automatic;
				DEVELOPMENT_TEAM = 36H79X5ZFD;
				INFOPLIST_FILE = DMM_Actress_FinderTests/Info.plist;
				IPHONEOS_DEPLOYMENT_TARGET = 14.0;
				LD_RUNPATH_SEARCH_PATHS = (
					"$(inherited)",
					"@executable_path/Frameworks",
					"@loader_path/Frameworks",
				);
				PRODUCT_BUNDLE_IDENTIFIER = "KS.DMM-Actress-FinderTests";
				PRODUCT_NAME = "$(TARGET_NAME)";
				SWIFT_VERSION = 5.0;
				TARGETED_DEVICE_FAMILY = "1,2";
				TEST_HOST = "$(BUILT_PRODUCTS_DIR)/DMM_Actress_Finder.app/DMM_Actress_Finder";
			};
			name = Release;
		};
		52889C6E25A064CD00D87831 /* Debug */ = {
			isa = XCBuildConfiguration;
			buildSettings = {
				ALWAYS_EMBED_SWIFT_STANDARD_LIBRARIES = YES;
				CODE_SIGN_STYLE = Automatic;
				DEVELOPMENT_TEAM = 36H79X5ZFD;
				INFOPLIST_FILE = DMM_Actress_FinderUITests/Info.plist;
				LD_RUNPATH_SEARCH_PATHS = (
					"$(inherited)",
					"@executable_path/Frameworks",
					"@loader_path/Frameworks",
				);
				PRODUCT_BUNDLE_IDENTIFIER = "KS.DMM-Actress-FinderUITests";
				PRODUCT_NAME = "$(TARGET_NAME)";
				SWIFT_VERSION = 5.0;
				TARGETED_DEVICE_FAMILY = "1,2";
				TEST_TARGET_NAME = DMM_Actress_Finder;
			};
			name = Debug;
		};
		52889C6F25A064CD00D87831 /* Release */ = {
			isa = XCBuildConfiguration;
			buildSettings = {
				ALWAYS_EMBED_SWIFT_STANDARD_LIBRARIES = YES;
				CODE_SIGN_STYLE = Automatic;
				DEVELOPMENT_TEAM = 36H79X5ZFD;
				INFOPLIST_FILE = DMM_Actress_FinderUITests/Info.plist;
				LD_RUNPATH_SEARCH_PATHS = (
					"$(inherited)",
					"@executable_path/Frameworks",
					"@loader_path/Frameworks",
				);
				PRODUCT_BUNDLE_IDENTIFIER = "KS.DMM-Actress-FinderUITests";
				PRODUCT_NAME = "$(TARGET_NAME)";
				SWIFT_VERSION = 5.0;
				TARGETED_DEVICE_FAMILY = "1,2";
				TEST_TARGET_NAME = DMM_Actress_Finder;
			};
			name = Release;
		};
/* End XCBuildConfiguration section */

/* Begin XCConfigurationList section */
		52889C3D25A064CB00D87831 /* Build configuration list for PBXProject "DMM_Actress_Finder" */ = {
			isa = XCConfigurationList;
			buildConfigurations = (
				52889C6525A064CD00D87831 /* Debug */,
				52889C6625A064CD00D87831 /* Release */,
			);
			defaultConfigurationIsVisible = 0;
			defaultConfigurationName = Release;
		};
		52889C6725A064CD00D87831 /* Build configuration list for PBXNativeTarget "DMM_Actress_Finder" */ = {
			isa = XCConfigurationList;
			buildConfigurations = (
				52889C6825A064CD00D87831 /* Debug */,
				52889C6925A064CD00D87831 /* Release */,
			);
			defaultConfigurationIsVisible = 0;
			defaultConfigurationName = Release;
		};
		52889C6A25A064CD00D87831 /* Build configuration list for PBXNativeTarget "DMM_Actress_FinderTests" */ = {
			isa = XCConfigurationList;
			buildConfigurations = (
				52889C6B25A064CD00D87831 /* Debug */,
				52889C6C25A064CD00D87831 /* Release */,
			);
			defaultConfigurationIsVisible = 0;
			defaultConfigurationName = Release;
		};
		52889C6D25A064CD00D87831 /* Build configuration list for PBXNativeTarget "DMM_Actress_FinderUITests" */ = {
			isa = XCConfigurationList;
			buildConfigurations = (
				52889C6E25A064CD00D87831 /* Debug */,
				52889C6F25A064CD00D87831 /* Release */,
			);
			defaultConfigurationIsVisible = 0;
			defaultConfigurationName = Release;
		};
/* End XCConfigurationList section */

/* Begin XCRemoteSwiftPackageReference section */
		52889C7F25A06D6E00D87831 /* XCRemoteSwiftPackageReference "swiftui-sliders" */ = {
			isa = XCRemoteSwiftPackageReference;
			repositoryURL = "git@github.com:spacenation/swiftui-sliders.git";
			requirement = {
				kind = upToNextMajorVersion;
				minimumVersion = 1.0.0;
			};
		};
/* End XCRemoteSwiftPackageReference section */

/* Begin XCSwiftPackageProductDependency section */
		52889C8025A06D6E00D87831 /* Sliders */ = {
			isa = XCSwiftPackageProductDependency;
			package = 52889C7F25A06D6E00D87831 /* XCRemoteSwiftPackageReference "swiftui-sliders" */;
			productName = Sliders;
		};
/* End XCSwiftPackageProductDependency section */
	};
	rootObject = 52889C3A25A064CB00D87831 /* Project object */;
}
